
Microsoft Visual Studio Solution File, Format Version 12.00
# Visual Studio Version 17
VisualStudioVersion = 17.11.35222.181
MinimumVisualStudioVersion = 10.0.40219.1
Project("{FAE04EC0-301F-11D3-BF4B-00C04F79EFBC}") = "SK.Solution", "SK.Solution\SK.Solution\SK.Solution.csproj", "{5BBEC542-5DAC-4AAE-86B8-C6DF3AA49949}"
EndProject
Project("{FAE04EC0-301F-11D3-BF4B-00C04F79EFBC}") = "SK.Solution.Client", "SK.Solution\SK.Solution.Client\SK.Solution.Client.csproj", "{7D951E9E-77D6-4887-A22D-AB2416285677}"
EndProject
Project("{2150E333-8FDC-42A3-9474-1A3956D46DE8}") = "CrmModule", "CrmModule", "{02EA681E-C7D8-13C7-8484-4AC65E1B71E8}"
EndProject
Project("{FAE04EC0-301F-11D3-BF4B-00C04F79EFBC}") = "SK.CRM.Domain", "SK.CRM.Domain\SK.CRM.Domain.csproj", "{93E36708-3C35-4D9D-8A9F-8401DF5782B8}"
EndProject
Project("{FAE04EC0-301F-11D3-BF4B-00C04F79EFBC}") = "SK.CRM.Infrastructure", "SK.CRM.Infrastructure\SK.CRM.Infrastructure.csproj", "{26CA4580-88A2-494C-A138-B2965F00480F}"
EndProject
Project("{FAE04EC0-301F-11D3-BF4B-00C04F79EFBC}") = "SK.CRM.Application", "SK.CRM.Application\SK.CRM.Application.csproj", "{080D63E9-BA68-1289-C97A-2A0EC0FFF458}"
EndProject
Project("{FAE04EC0-301F-11D3-BF4B-00C04F79EFBC}") = "SK.CRM.UI.Blazor", "SK.CRM.UI.Blazor\SK.CRM.UI.Blazor.csproj", "{73DB584D-33A8-4EF6-9F7F-D4B600B9C20E}"
EndProject
Project("{2150E333-8FDC-42A3-9474-1A3956D46DE8}") = "Shared", "Shared", "{22FDA322-ACE6-494E-944A-D95D45311C90}"
EndProject
Project("{FAE04EC0-301F-11D3-BF4B-00C04F79EFBC}") = "SK.Solution.Shared", "SK.Solution.Shared\SK.Solution.Shared.csproj", "{2530F5F2-CC9C-4FB9-BE29-68D33DC0B160}"
EndProject
Project("{2150E333-8FDC-42A3-9474-1A3956D46DE8}") = "InventoryModule", "InventoryModule", "{FED6CD3D-B076-4EB2-9EEA-90FA493200A3}"
EndProject
Project("{FAE04EC0-301F-11D3-BF4B-00C04F79EFBC}") = "SK.Inventory.Application", "SK.Inventory.Application\SK.Inventory.Application.csproj", "{6F6AD79E-4964-404B-9B16-6B8179C5AE9D}"
EndProject
Project("{FAE04EC0-301F-11D3-BF4B-00C04F79EFBC}") = "SK.Inventory.Domain", "SK.Inventory.Domain\SK.Inventory.Domain.csproj", "{B23F69CA-1FEA-4233-A738-1B4A54AF9AF9}"
EndProject
Project("{FAE04EC0-301F-11D3-BF4B-00C04F79EFBC}") = "SK.Inventory.Infrastructure.SqlServer", "SK.Inventory.Infrastructure\SK.Inventory.Infrastructure.SqlServer.csproj", "{DDF634AE-DFE8-4217-A8D3-796496B216C5}"
EndProject
Project("{FAE04EC0-301F-11D3-BF4B-00C04F79EFBC}") = "SK.Inventory.UI.Blazor", "SK.Inventory.UI.Blazor\SK.Inventory.UI.Blazor.csproj", "{C66D7F0C-5545-40EC-9BBC-B2B0EA07CA7E}"
EndProject
Project("{2150E333-8FDC-42A3-9474-1A3956D46DE8}") = "RabbitMqDocker", "RabbitMqDocker", "{CF748B27-45FB-486F-8BEA-CEE56A7B99EA}"
	ProjectSection(SolutionItems) = preProject
		rabbitmq.dockerfile = rabbitmq.dockerfile
		readme.txt = readme.txt
	EndProjectSection
EndProject
Project("{FAE04EC0-301F-11D3-BF4B-00C04F79EFBC}") = "SK.CRM.Infrastructure.PostgreSql", "SK.CRM.Infrastructure.PostgreSql\SK.CRM.Infrastructure.PostgreSql.csproj", "{DADA58DF-0BA6-4BF0-8102-69C1A8D02768}"
EndProject
Project("{FAE04EC0-301F-11D3-BF4B-00C04F79EFBC}") = "SK.Inventory.Infrastructure.PostgreSql", "SK.Inventory.Infrastructure.PostgreSql\SK.Inventory.Infrastructure.PostgreSql.csproj", "{8B335B58-22A3-454F-B9DB-937E65315EAE}"
EndProject
Project("{2150E333-8FDC-42A3-9474-1A3956D46DE8}") = "IdentityModule", "IdentityModule", "{52140F62-9143-44FC-9AD9-796C2E154371}"
EndProject
Project("{FAE04EC0-301F-11D3-BF4B-00C04F79EFBC}") = "SK.Identity.Infrastructure.PostgreSql", "SK.Identiy.Infrastructure.PostgreSql\SK.Identity.Infrastructure.PostgreSql.csproj", "{41C59176-4905-4A68-B051-259D88FBEE74}"
EndProject
Project("{FAE04EC0-301F-11D3-BF4B-00C04F79EFBC}") = "SK.Identity.Infrastructure.SqlServer", "SK.Identiy.Infrastructure.SqlServer\SK.Identity.Infrastructure.SqlServer.csproj", "{01E03442-6967-4932-9382-10E5ECAFB0E3}"
EndProject
Project("{FAE04EC0-301F-11D3-BF4B-00C04F79EFBC}") = "SK.Identity.Domain", "SK.Identity.Domain\SK.Identity.Domain.csproj", "{04A99A19-106D-425F-AF13-E09FD68EBE03}"
EndProject
Project("{FAE04EC0-301F-11D3-BF4B-00C04F79EFBC}") = "SK.Identity.UI.Blazor", "SK.Identity.UI.Blazor\SK.Identity.UI.Blazor.csproj", "{2A49E02F-4722-4C65-A2C2-5B189F675431}"
EndProject
Project("{FAE04EC0-301F-11D3-BF4B-00C04F79EFBC}") = "SK.Identity.Application", "SK.Identity.Application\SK.Identity.Application.csproj", "{ABC50626-2C75-45DD-B9F9-91F549012BFA}"
EndProject
Project("{2150E333-8FDC-42A3-9474-1A3956D46DE8}") = "NoteModule", "NoteModule", "{581DDC79-1C2A-4934-84CD-992C3844B868}"
EndProject
Project("{FAE04EC0-301F-11D3-BF4B-00C04F79EFBC}") = "SK.Note.Application", "SK.Note.Application\SK.Note.Application.csproj", "{AC675C27-B849-4ECB-B0B2-B9D9EBD6161C}"
EndProject
Project("{FAE04EC0-301F-11D3-BF4B-00C04F79EFBC}") = "SK.Note.Domain", "SK.Note.Domain\SK.Note.Domain.csproj", "{D48D3FB8-48BD-43FC-BEC7-E9A484073DD6}"
EndProject
Project("{FAE04EC0-301F-11D3-BF4B-00C04F79EFBC}") = "SK.Note.Infrastructure.PostgreSql", "SK.Note.Infrastructure.PostgreSql\SK.Note.Infrastructure.PostgreSql.csproj", "{3463EB65-C91D-4A35-8C03-0F95B44DCB08}"
EndProject
Project("{FAE04EC0-301F-11D3-BF4B-00C04F79EFBC}") = "SK.Note.Infrastructure.SqlServer", "SK.Note.Infrastructure.SqlServer\SK.Note.Infrastructure.SqlServer.csproj", "{2E06A240-2D11-4C75-A807-46AE6EA8AE86}"
EndProject
Project("{FAE04EC0-301F-11D3-BF4B-00C04F79EFBC}") = "SK.Note.UI.Blazor", "SK.Note.UI.Blazor\SK.Note.UI.Blazor.csproj", "{FE88AEE8-0E13-4B75-ABB8-9502E1277E8A}"
EndProject
Project("{FAE04EC0-301F-11D3-BF4B-00C04F79EFBC}") = "SK.Inventory.Tests", "SK.Inventory.Tests\SK.Inventory.Tests.csproj", "{12568784-41B0-4DDA-B9C9-57E4AB32AF72}"
EndProject
Project("{FAE04EC0-301F-11D3-BF4B-00C04F79EFBC}") = "SK.Inventory.IntegrationTests", "SK.Inventory.IntegrationTests\SK.Inventory.IntegrationTests.csproj", "{DAF2DBFD-AE40-4F24-99B3-314C8F7365C3}"
EndProject
Project("{2150E333-8FDC-42A3-9474-1A3956D46DE8}") = "VisitModule", "VisitModule", "{A8E0A446-E899-4D05-9F41-71F7202B19AD}"
EndProject
Project("{FAE04EC0-301F-11D3-BF4B-00C04F79EFBC}") = "SK.Visit.UI.Blazor", "SK.Visit.UI.Blazor\SK.Visit.UI.Blazor.csproj", "{C430AC30-B6D6-4274-A078-E2A831D52473}"
EndProject
Project("{FAE04EC0-301F-11D3-BF4B-00C04F79EFBC}") = "SK.Visit.Application", "SK.Visit.Application\SK.Visit.Application.csproj", "{F812AF93-B93C-48D7-8257-AB5C6F442572}"
EndProject
Project("{FAE04EC0-301F-11D3-BF4B-00C04F79EFBC}") = "SK.Visit.Domain", "SK.Visit.Domain\SK.Visit.Domain.csproj", "{5057E2EE-A9CE-4760-A01F-0F92E92C25DA}"
EndProject
Project("{FAE04EC0-301F-11D3-BF4B-00C04F79EFBC}") = "SK.Visit.Infrastructure.SqlServer", "SK.Visit.Infrastructure.SqlServer\SK.Visit.Infrastructure.SqlServer.csproj", "{F972A32C-6491-46D1-8F63-A1109BF8D771}"
EndProject
Project("{FAE04EC0-301F-11D3-BF4B-00C04F79EFBC}") = "SK.Visit.Infrastructure.PostgreSql", "SK.Visit.Infrastructure.PostgreSql\SK.Visit.Infrastructure.PostgreSql.csproj", "{87EA0538-7420-4362-922D-88284BCAD6C6}"
EndProject
Global
	GlobalSection(SolutionConfigurationPlatforms) = preSolution
		Debug|Any CPU = Debug|Any CPU
		Release|Any CPU = Release|Any CPU
	EndGlobalSection
	GlobalSection(ProjectConfigurationPlatforms) = postSolution
		{5BBEC542-5DAC-4AAE-86B8-C6DF3AA49949}.Debug|Any CPU.ActiveCfg = Debug|Any CPU
		{5BBEC542-5DAC-4AAE-86B8-C6DF3AA49949}.Debug|Any CPU.Build.0 = Debug|Any CPU
		{5BBEC542-5DAC-4AAE-86B8-C6DF3AA49949}.Release|Any CPU.ActiveCfg = Release|Any CPU
		{5BBEC542-5DAC-4AAE-86B8-C6DF3AA49949}.Release|Any CPU.Build.0 = Release|Any CPU
		{7D951E9E-77D6-4887-A22D-AB2416285677}.Debug|Any CPU.ActiveCfg = Debug|Any CPU
		{7D951E9E-77D6-4887-A22D-AB2416285677}.Debug|Any CPU.Build.0 = Debug|Any CPU
		{7D951E9E-77D6-4887-A22D-AB2416285677}.Release|Any CPU.ActiveCfg = Release|Any CPU
		{7D951E9E-77D6-4887-A22D-AB2416285677}.Release|Any CPU.Build.0 = Release|Any CPU
		{93E36708-3C35-4D9D-8A9F-8401DF5782B8}.Debug|Any CPU.ActiveCfg = Debug|Any CPU
		{93E36708-3C35-4D9D-8A9F-8401DF5782B8}.Debug|Any CPU.Build.0 = Debug|Any CPU
		{93E36708-3C35-4D9D-8A9F-8401DF5782B8}.Release|Any CPU.ActiveCfg = Release|Any CPU
		{93E36708-3C35-4D9D-8A9F-8401DF5782B8}.Release|Any CPU.Build.0 = Release|Any CPU
		{26CA4580-88A2-494C-A138-B2965F00480F}.Debug|Any CPU.ActiveCfg = Debug|Any CPU
		{26CA4580-88A2-494C-A138-B2965F00480F}.Debug|Any CPU.Build.0 = Debug|Any CPU
		{26CA4580-88A2-494C-A138-B2965F00480F}.Release|Any CPU.ActiveCfg = Release|Any CPU
		{26CA4580-88A2-494C-A138-B2965F00480F}.Release|Any CPU.Build.0 = Release|Any CPU
		{080D63E9-BA68-1289-C97A-2A0EC0FFF458}.Debug|Any CPU.ActiveCfg = Debug|Any CPU
		{080D63E9-BA68-1289-C97A-2A0EC0FFF458}.Debug|Any CPU.Build.0 = Debug|Any CPU
		{080D63E9-BA68-1289-C97A-2A0EC0FFF458}.Release|Any CPU.ActiveCfg = Release|Any CPU
		{080D63E9-BA68-1289-C97A-2A0EC0FFF458}.Release|Any CPU.Build.0 = Release|Any CPU
		{73DB584D-33A8-4EF6-9F7F-D4B600B9C20E}.Debug|Any CPU.ActiveCfg = Debug|Any CPU
		{73DB584D-33A8-4EF6-9F7F-D4B600B9C20E}.Debug|Any CPU.Build.0 = Debug|Any CPU
		{73DB584D-33A8-4EF6-9F7F-D4B600B9C20E}.Release|Any CPU.ActiveCfg = Release|Any CPU
		{73DB584D-33A8-4EF6-9F7F-D4B600B9C20E}.Release|Any CPU.Build.0 = Release|Any CPU
		{2530F5F2-CC9C-4FB9-BE29-68D33DC0B160}.Debug|Any CPU.ActiveCfg = Debug|Any CPU
		{2530F5F2-CC9C-4FB9-BE29-68D33DC0B160}.Debug|Any CPU.Build.0 = Debug|Any CPU
		{2530F5F2-CC9C-4FB9-BE29-68D33DC0B160}.Release|Any CPU.ActiveCfg = Release|Any CPU
		{2530F5F2-CC9C-4FB9-BE29-68D33DC0B160}.Release|Any CPU.Build.0 = Release|Any CPU
		{6F6AD79E-4964-404B-9B16-6B8179C5AE9D}.Debug|Any CPU.ActiveCfg = Debug|Any CPU
		{6F6AD79E-4964-404B-9B16-6B8179C5AE9D}.Debug|Any CPU.Build.0 = Debug|Any CPU
		{6F6AD79E-4964-404B-9B16-6B8179C5AE9D}.Release|Any CPU.ActiveCfg = Release|Any CPU
		{6F6AD79E-4964-404B-9B16-6B8179C5AE9D}.Release|Any CPU.Build.0 = Release|Any CPU
		{B23F69CA-1FEA-4233-A738-1B4A54AF9AF9}.Debug|Any CPU.ActiveCfg = Debug|Any CPU
		{B23F69CA-1FEA-4233-A738-1B4A54AF9AF9}.Debug|Any CPU.Build.0 = Debug|Any CPU
		{B23F69CA-1FEA-4233-A738-1B4A54AF9AF9}.Release|Any CPU.ActiveCfg = Release|Any CPU
		{B23F69CA-1FEA-4233-A738-1B4A54AF9AF9}.Release|Any CPU.Build.0 = Release|Any CPU
		{DDF634AE-DFE8-4217-A8D3-796496B216C5}.Debug|Any CPU.ActiveCfg = Debug|Any CPU
		{DDF634AE-DFE8-4217-A8D3-796496B216C5}.Debug|Any CPU.Build.0 = Debug|Any CPU
		{DDF634AE-DFE8-4217-A8D3-796496B216C5}.Release|Any CPU.ActiveCfg = Release|Any CPU
		{DDF634AE-DFE8-4217-A8D3-796496B216C5}.Release|Any CPU.Build.0 = Release|Any CPU
		{C66D7F0C-5545-40EC-9BBC-B2B0EA07CA7E}.Debug|Any CPU.ActiveCfg = Debug|Any CPU
		{C66D7F0C-5545-40EC-9BBC-B2B0EA07CA7E}.Debug|Any CPU.Build.0 = Debug|Any CPU
		{C66D7F0C-5545-40EC-9BBC-B2B0EA07CA7E}.Release|Any CPU.ActiveCfg = Release|Any CPU
		{C66D7F0C-5545-40EC-9BBC-B2B0EA07CA7E}.Release|Any CPU.Build.0 = Release|Any CPU
		{DADA58DF-0BA6-4BF0-8102-69C1A8D02768}.Debug|Any CPU.ActiveCfg = Debug|Any CPU
		{DADA58DF-0BA6-4BF0-8102-69C1A8D02768}.Debug|Any CPU.Build.0 = Debug|Any CPU
		{DADA58DF-0BA6-4BF0-8102-69C1A8D02768}.Release|Any CPU.ActiveCfg = Release|Any CPU
		{DADA58DF-0BA6-4BF0-8102-69C1A8D02768}.Release|Any CPU.Build.0 = Release|Any CPU
		{8B335B58-22A3-454F-B9DB-937E65315EAE}.Debug|Any CPU.ActiveCfg = Debug|Any CPU
		{8B335B58-22A3-454F-B9DB-937E65315EAE}.Debug|Any CPU.Build.0 = Debug|Any CPU
		{8B335B58-22A3-454F-B9DB-937E65315EAE}.Release|Any CPU.ActiveCfg = Release|Any CPU
		{8B335B58-22A3-454F-B9DB-937E65315EAE}.Release|Any CPU.Build.0 = Release|Any CPU
		{41C59176-4905-4A68-B051-259D88FBEE74}.Debug|Any CPU.ActiveCfg = Debug|Any CPU
		{41C59176-4905-4A68-B051-259D88FBEE74}.Debug|Any CPU.Build.0 = Debug|Any CPU
		{41C59176-4905-4A68-B051-259D88FBEE74}.Release|Any CPU.ActiveCfg = Release|Any CPU
		{41C59176-4905-4A68-B051-259D88FBEE74}.Release|Any CPU.Build.0 = Release|Any CPU
		{01E03442-6967-4932-9382-10E5ECAFB0E3}.Debug|Any CPU.ActiveCfg = Debug|Any CPU
		{01E03442-6967-4932-9382-10E5ECAFB0E3}.Debug|Any CPU.Build.0 = Debug|Any CPU
		{01E03442-6967-4932-9382-10E5ECAFB0E3}.Release|Any CPU.ActiveCfg = Release|Any CPU
		{01E03442-6967-4932-9382-10E5ECAFB0E3}.Release|Any CPU.Build.0 = Release|Any CPU
		{04A99A19-106D-425F-AF13-E09FD68EBE03}.Debug|Any CPU.ActiveCfg = Debug|Any CPU
		{04A99A19-106D-425F-AF13-E09FD68EBE03}.Debug|Any CPU.Build.0 = Debug|Any CPU
		{04A99A19-106D-425F-AF13-E09FD68EBE03}.Release|Any CPU.ActiveCfg = Release|Any CPU
		{04A99A19-106D-425F-AF13-E09FD68EBE03}.Release|Any CPU.Build.0 = Release|Any CPU
		{2A49E02F-4722-4C65-A2C2-5B189F675431}.Debug|Any CPU.ActiveCfg = Debug|Any CPU
		{2A49E02F-4722-4C65-A2C2-5B189F675431}.Debug|Any CPU.Build.0 = Debug|Any CPU
		{2A49E02F-4722-4C65-A2C2-5B189F675431}.Release|Any CPU.ActiveCfg = Release|Any CPU
		{2A49E02F-4722-4C65-A2C2-5B189F675431}.Release|Any CPU.Build.0 = Release|Any CPU
		{ABC50626-2C75-45DD-B9F9-91F549012BFA}.Debug|Any CPU.ActiveCfg = Debug|Any CPU
		{ABC50626-2C75-45DD-B9F9-91F549012BFA}.Debug|Any CPU.Build.0 = Debug|Any CPU
		{ABC50626-2C75-45DD-B9F9-91F549012BFA}.Release|Any CPU.ActiveCfg = Release|Any CPU
		{ABC50626-2C75-45DD-B9F9-91F549012BFA}.Release|Any CPU.Build.0 = Release|Any CPU
		{AC675C27-B849-4ECB-B0B2-B9D9EBD6161C}.Debug|Any CPU.ActiveCfg = Debug|Any CPU
		{AC675C27-B849-4ECB-B0B2-B9D9EBD6161C}.Debug|Any CPU.Build.0 = Debug|Any CPU
		{AC675C27-B849-4ECB-B0B2-B9D9EBD6161C}.Release|Any CPU.ActiveCfg = Release|Any CPU
		{AC675C27-B849-4ECB-B0B2-B9D9EBD6161C}.Release|Any CPU.Build.0 = Release|Any CPU
		{D48D3FB8-48BD-43FC-BEC7-E9A484073DD6}.Debug|Any CPU.ActiveCfg = Debug|Any CPU
		{D48D3FB8-48BD-43FC-BEC7-E9A484073DD6}.Debug|Any CPU.Build.0 = Debug|Any CPU
		{D48D3FB8-48BD-43FC-BEC7-E9A484073DD6}.Release|Any CPU.ActiveCfg = Release|Any CPU
		{D48D3FB8-48BD-43FC-BEC7-E9A484073DD6}.Release|Any CPU.Build.0 = Release|Any CPU
		{3463EB65-C91D-4A35-8C03-0F95B44DCB08}.Debug|Any CPU.ActiveCfg = Debug|Any CPU
		{3463EB65-C91D-4A35-8C03-0F95B44DCB08}.Debug|Any CPU.Build.0 = Debug|Any CPU
		{3463EB65-C91D-4A35-8C03-0F95B44DCB08}.Release|Any CPU.ActiveCfg = Release|Any CPU
		{3463EB65-C91D-4A35-8C03-0F95B44DCB08}.Release|Any CPU.Build.0 = Release|Any CPU
		{2E06A240-2D11-4C75-A807-46AE6EA8AE86}.Debug|Any CPU.ActiveCfg = Debug|Any CPU
		{2E06A240-2D11-4C75-A807-46AE6EA8AE86}.Debug|Any CPU.Build.0 = Debug|Any CPU
		{2E06A240-2D11-4C75-A807-46AE6EA8AE86}.Release|Any CPU.ActiveCfg = Release|Any CPU
		{2E06A240-2D11-4C75-A807-46AE6EA8AE86}.Release|Any CPU.Build.0 = Release|Any CPU
		{FE88AEE8-0E13-4B75-ABB8-9502E1277E8A}.Debug|Any CPU.ActiveCfg = Debug|Any CPU
		{FE88AEE8-0E13-4B75-ABB8-9502E1277E8A}.Debug|Any CPU.Build.0 = Debug|Any CPU
		{FE88AEE8-0E13-4B75-ABB8-9502E1277E8A}.Release|Any CPU.ActiveCfg = Release|Any CPU
		{FE88AEE8-0E13-4B75-ABB8-9502E1277E8A}.Release|Any CPU.Build.0 = Release|Any CPU
		{12568784-41B0-4DDA-B9C9-57E4AB32AF72}.Debug|Any CPU.ActiveCfg = Debug|Any CPU
		{12568784-41B0-4DDA-B9C9-57E4AB32AF72}.Debug|Any CPU.Build.0 = Debug|Any CPU
		{12568784-41B0-4DDA-B9C9-57E4AB32AF72}.Release|Any CPU.ActiveCfg = Release|Any CPU
		{12568784-41B0-4DDA-B9C9-57E4AB32AF72}.Release|Any CPU.Build.0 = Release|Any CPU
		{DAF2DBFD-AE40-4F24-99B3-314C8F7365C3}.Debug|Any CPU.ActiveCfg = Debug|Any CPU
		{DAF2DBFD-AE40-4F24-99B3-314C8F7365C3}.Debug|Any CPU.Build.0 = Debug|Any CPU
		{DAF2DBFD-AE40-4F24-99B3-314C8F7365C3}.Release|Any CPU.ActiveCfg = Release|Any CPU
		{DAF2DBFD-AE40-4F24-99B3-314C8F7365C3}.Release|Any CPU.Build.0 = Release|Any CPU
		{C430AC30-B6D6-4274-A078-E2A831D52473}.Debug|Any CPU.ActiveCfg = Debug|Any CPU
		{C430AC30-B6D6-4274-A078-E2A831D52473}.Debug|Any CPU.Build.0 = Debug|Any CPU
		{C430AC30-B6D6-4274-A078-E2A831D52473}.Release|Any CPU.ActiveCfg = Release|Any CPU
		{C430AC30-B6D6-4274-A078-E2A831D52473}.Release|Any CPU.Build.0 = Release|Any CPU
		{F812AF93-B93C-48D7-8257-AB5C6F442572}.Debug|Any CPU.ActiveCfg = Debug|Any CPU
		{F812AF93-B93C-48D7-8257-AB5C6F442572}.Debug|Any CPU.Build.0 = Debug|Any CPU
		{F812AF93-B93C-48D7-8257-AB5C6F442572}.Release|Any CPU.ActiveCfg = Release|Any CPU
		{F812AF93-B93C-48D7-8257-AB5C6F442572}.Release|Any CPU.Build.0 = Release|Any CPU
		{5057E2EE-A9CE-4760-A01F-0F92E92C25DA}.Debug|Any CPU.ActiveCfg = Debug|Any CPU
		{5057E2EE-A9CE-4760-A01F-0F92E92C25DA}.Debug|Any CPU.Build.0 = Debug|Any CPU
		{5057E2EE-A9CE-4760-A01F-0F92E92C25DA}.Release|Any CPU.ActiveCfg = Release|Any CPU
		{5057E2EE-A9CE-4760-A01F-0F92E92C25DA}.Release|Any CPU.Build.0 = Release|Any CPU
		{F972A32C-6491-46D1-8F63-A1109BF8D771}.Debug|Any CPU.ActiveCfg = Debug|Any CPU
		{F972A32C-6491-46D1-8F63-A1109BF8D771}.Debug|Any CPU.Build.0 = Debug|Any CPU
		{F972A32C-6491-46D1-8F63-A1109BF8D771}.Release|Any CPU.ActiveCfg = Release|Any CPU
		{F972A32C-6491-46D1-8F63-A1109BF8D771}.Release|Any CPU.Build.0 = Release|Any CPU
		{87EA0538-7420-4362-922D-88284BCAD6C6}.Debug|Any CPU.ActiveCfg = Debug|Any CPU
		{87EA0538-7420-4362-922D-88284BCAD6C6}.Debug|Any CPU.Build.0 = Debug|Any CPU
		{87EA0538-7420-4362-922D-88284BCAD6C6}.Release|Any CPU.ActiveCfg = Release|Any CPU
		{87EA0538-7420-4362-922D-88284BCAD6C6}.Release|Any CPU.Build.0 = Release|Any CPU
	EndGlobalSection
	GlobalSection(SolutionProperties) = preSolution
		HideSolutionNode = FALSE
	EndGlobalSection
	GlobalSection(NestedProjects) = preSolution
		{93E36708-3C35-4D9D-8A9F-8401DF5782B8} = {02EA681E-C7D8-13C7-8484-4AC65E1B71E8}
		{26CA4580-88A2-494C-A138-B2965F00480F} = {02EA681E-C7D8-13C7-8484-4AC65E1B71E8}
		{080D63E9-BA68-1289-C97A-2A0EC0FFF458} = {02EA681E-C7D8-13C7-8484-4AC65E1B71E8}
		{73DB584D-33A8-4EF6-9F7F-D4B600B9C20E} = {02EA681E-C7D8-13C7-8484-4AC65E1B71E8}
		{2530F5F2-CC9C-4FB9-BE29-68D33DC0B160} = {22FDA322-ACE6-494E-944A-D95D45311C90}
		{6F6AD79E-4964-404B-9B16-6B8179C5AE9D} = {FED6CD3D-B076-4EB2-9EEA-90FA493200A3}
		{B23F69CA-1FEA-4233-A738-1B4A54AF9AF9} = {FED6CD3D-B076-4EB2-9EEA-90FA493200A3}
		{DDF634AE-DFE8-4217-A8D3-796496B216C5} = {FED6CD3D-B076-4EB2-9EEA-90FA493200A3}
		{C66D7F0C-5545-40EC-9BBC-B2B0EA07CA7E} = {FED6CD3D-B076-4EB2-9EEA-90FA493200A3}
		{DADA58DF-0BA6-4BF0-8102-69C1A8D02768} = {02EA681E-C7D8-13C7-8484-4AC65E1B71E8}
		{8B335B58-22A3-454F-B9DB-937E65315EAE} = {FED6CD3D-B076-4EB2-9EEA-90FA493200A3}
		{41C59176-4905-4A68-B051-259D88FBEE74} = {52140F62-9143-44FC-9AD9-796C2E154371}
		{01E03442-6967-4932-9382-10E5ECAFB0E3} = {52140F62-9143-44FC-9AD9-796C2E154371}
		{04A99A19-106D-425F-AF13-E09FD68EBE03} = {52140F62-9143-44FC-9AD9-796C2E154371}
		{2A49E02F-4722-4C65-A2C2-5B189F675431} = {52140F62-9143-44FC-9AD9-796C2E154371}
		{ABC50626-2C75-45DD-B9F9-91F549012BFA} = {52140F62-9143-44FC-9AD9-796C2E154371}
		{AC675C27-B849-4ECB-B0B2-B9D9EBD6161C} = {581DDC79-1C2A-4934-84CD-992C3844B868}
		{D48D3FB8-48BD-43FC-BEC7-E9A484073DD6} = {581DDC79-1C2A-4934-84CD-992C3844B868}
		{3463EB65-C91D-4A35-8C03-0F95B44DCB08} = {581DDC79-1C2A-4934-84CD-992C3844B868}
		{2E06A240-2D11-4C75-A807-46AE6EA8AE86} = {581DDC79-1C2A-4934-84CD-992C3844B868}
		{FE88AEE8-0E13-4B75-ABB8-9502E1277E8A} = {581DDC79-1C2A-4934-84CD-992C3844B868}
		{12568784-41B0-4DDA-B9C9-57E4AB32AF72} = {FED6CD3D-B076-4EB2-9EEA-90FA493200A3}
		{DAF2DBFD-AE40-4F24-99B3-314C8F7365C3} = {FED6CD3D-B076-4EB2-9EEA-90FA493200A3}
		{C430AC30-B6D6-4274-A078-E2A831D52473} = {A8E0A446-E899-4D05-9F41-71F7202B19AD}
		{F812AF93-B93C-48D7-8257-AB5C6F442572} = {A8E0A446-E899-4D05-9F41-71F7202B19AD}
		{5057E2EE-A9CE-4760-A01F-0F92E92C25DA} = {A8E0A446-E899-4D05-9F41-71F7202B19AD}
		{F972A32C-6491-46D1-8F63-A1109BF8D771} = {A8E0A446-E899-4D05-9F41-71F7202B19AD}
		{87EA0538-7420-4362-922D-88284BCAD6C6} = {A8E0A446-E899-4D05-9F41-71F7202B19AD}
	EndGlobalSection
	GlobalSection(ExtensibilityGlobals) = postSolution
		SolutionGuid = {119719A0-EFBE-4F53-8963-C9D7F03E1007}
	EndGlobalSection
EndGlobal
